github.com/google/uuid v1.6.0 h1:NIvaJDMOsjHA8n1jAhLSgzrAzy1Hgr+hNrb57e+94F0=
github.com/google/uuid v1.6.0/go.mod h1:TIyPZe4MgqvfeYDBFedMoGGpEw/LqOeaOT+nhxU+yHo=
github.com/jonilsonds9/goexpert-modulo-5-packaging v0.0.0-20250528165905-8403ebb9c014 h1:VeqZ1kMSPnLb+wgdQSC4geLVYaUOEYzGJUAytxqUi6g=
github.com/jonilsonds9/goexpert-modulo-5-packaging v0.0.0-20250528165905-8403ebb9c014/go.mod h1:BLUSCTY/4YjCByDb46I+RZPH/6vW4olglch8CRw1BQM=
